
Microsoft Visual Studio Solution File, Format Version 12.00
# Visual Studio Version 17
VisualStudioVersion = 17.0.31903.59
MinimumVisualStudioVersion = 10.0.40219.1
Project("{FAE04EC0-301F-11D3-BF4B-00C04F79EFBC}") = "SignalingServer.API", "SignalingServer.API\SignalingServer.API.csproj", "{0609D1CC-AEB3-40A4-91ED-93C786E65989}"
EndProject
Project("{FAE04EC0-301F-11D3-BF4B-00C04F79EFBC}") = "SignalingServer.Core", "SignalingServer.Core\SignalingServer.Core.csproj", "{51F70AB2-8655-4599-9801-8E7044B488DF}"
EndProject
Project("{FAE04EC0-301F-11D3-BF4B-00C04F79EFBC}") = "SignalingServer.Infrastructure", "SignalingServer.Infrastructure\SignalingServer.Infrastructure.csproj", "{6AA58E54-BFC5-4F23-90DF-9AEB5A3D5F74}"
EndProject
Project("{FAE04EC0-301F-11D3-BF4B-00C04F79EFBC}") = "SignalingServer.Domain", "SignalingServer.Domain\SignalingServer.Domain.csproj", "{96ED4CB8-02D1-492D-B41F-213F6F8CF6D0}"
EndProject
Global
	GlobalSection(SolutionProperties) = preSolution
		HideSolutionNode = FALSE
	EndGlobalSection
	GlobalSection(SolutionConfigurationPlatforms) = preSolution
		Debug|Any CPU = Debug|Any CPU
		Debug|x64 = Debug|x64
		Debug|x86 = Debug|x86
		Release|Any CPU = Release|Any CPU
		Release|x64 = Release|x64
		Release|x86 = Release|x86
	EndGlobalSection
	GlobalSection(ProjectConfigurationPlatforms) = postSolution
		{0609D1CC-AEB3-40A4-91ED-93C786E65989}.Debug|Any CPU.ActiveCfg = Debug|Any CPU
		{0609D1CC-AEB3-40A4-91ED-93C786E65989}.Debug|Any CPU.Build.0 = Debug|Any CPU
		{0609D1CC-AEB3-40A4-91ED-93C786E65989}.Debug|x64.ActiveCfg = Debug|Any CPU
		{0609D1CC-AEB3-40A4-91ED-93C786E65989}.Debug|x64.Build.0 = Debug|Any CPU
		{0609D1CC-AEB3-40A4-91ED-93C786E65989}.Debug|x86.ActiveCfg = Debug|Any CPU
		{0609D1CC-AEB3-40A4-91ED-93C786E65989}.Debug|x86.Build.0 = Debug|Any CPU
		{0609D1CC-AEB3-40A4-91ED-93C786E65989}.Release|Any CPU.ActiveCfg = Release|Any CPU
		{0609D1CC-AEB3-40A4-91ED-93C786E65989}.Release|Any CPU.Build.0 = Release|Any CPU
		{0609D1CC-AEB3-40A4-91ED-93C786E65989}.Release|x64.ActiveCfg = Release|Any CPU
		{0609D1CC-AEB3-40A4-91ED-93C786E65989}.Release|x64.Build.0 = Release|Any CPU
		{0609D1CC-AEB3-40A4-91ED-93C786E65989}.Release|x86.ActiveCfg = Release|Any CPU
		{0609D1CC-AEB3-40A4-91ED-93C786E65989}.Release|x86.Build.0 = Release|Any CPU
		{51F70AB2-8655-4599-9801-8E7044B488DF}.Debug|Any CPU.ActiveCfg = Debug|Any CPU
		{51F70AB2-8655-4599-9801-8E7044B488DF}.Debug|Any CPU.Build.0 = Debug|Any CPU
		{51F70AB2-8655-4599-9801-8E7044B488DF}.Debug|x64.ActiveCfg = Debug|Any CPU
		{51F70AB2-8655-4599-9801-8E7044B488DF}.Debug|x64.Build.0 = Debug|Any CPU
		{51F70AB2-8655-4599-9801-8E7044B488DF}.Debug|x86.ActiveCfg = Debug|Any CPU
		{51F70AB2-8655-4599-9801-8E7044B488DF}.Debug|x86.Build.0 = Debug|Any CPU
		{51F70AB2-8655-4599-9801-8E7044B488DF}.Release|Any CPU.ActiveCfg = Release|Any CPU
		{51F70AB2-8655-4599-9801-8E7044B488DF}.Release|Any CPU.Build.0 = Release|Any CPU
		{51F70AB2-8655-4599-9801-8E7044B488DF}.Release|x64.ActiveCfg = Release|Any CPU
		{51F70AB2-8655-4599-9801-8E7044B488DF}.Release|x64.Build.0 = Release|Any CPU
		{51F70AB2-8655-4599-9801-8E7044B488DF}.Release|x86.ActiveCfg = Release|Any CPU
		{51F70AB2-8655-4599-9801-8E7044B488DF}.Release|x86.Build.0 = Release|Any CPU
		{6AA58E54-BFC5-4F23-90DF-9AEB5A3D5F74}.Debug|Any CPU.ActiveCfg = Debug|Any CPU
		{6AA58E54-BFC5-4F23-90DF-9AEB5A3D5F74}.Debug|Any CPU.Build.0 = Debug|Any CPU
		{6AA58E54-BFC5-4F23-90DF-9AEB5A3D5F74}.Debug|x64.ActiveCfg = Debug|Any CPU
		{6AA58E54-BFC5-4F23-90DF-9AEB5A3D5F74}.Debug|x64.Build.0 = Debug|Any CPU
		{6AA58E54-BFC5-4F23-90DF-9AEB5A3D5F74}.Debug|x86.ActiveCfg = Debug|Any CPU
		{6AA58E54-BFC5-4F23-90DF-9AEB5A3D5F74}.Debug|x86.Build.0 = Debug|Any CPU
		{6AA58E54-BFC5-4F23-90DF-9AEB5A3D5F74}.Release|Any CPU.ActiveCfg = Release|Any CPU
		{6AA58E54-BFC5-4F23-90DF-9AEB5A3D5F74}.Release|Any CPU.Build.0 = Release|Any CPU
		{6AA58E54-BFC5-4F23-90DF-9AEB5A3D5F74}.Release|x64.ActiveCfg = Release|Any CPU
		{6AA58E54-BFC5-4F23-90DF-9AEB5A3D5F74}.Release|x64.Build.0 = Release|Any CPU
		{6AA58E54-BFC5-4F23-90DF-9AEB5A3D5F74}.Release|x86.ActiveCfg = Release|Any CPU
		{6AA58E54-BFC5-4F23-90DF-9AEB5A3D5F74}.Release|x86.Build.0 = Release|Any CPU
		{96ED4CB8-02D1-492D-B41F-213F6F8CF6D0}.Debug|Any CPU.ActiveCfg = Debug|Any CPU
		{96ED4CB8-02D1-492D-B41F-213F6F8CF6D0}.Debug|Any CPU.Build.0 = Debug|Any CPU
		{96ED4CB8-02D1-492D-B41F-213F6F8CF6D0}.Debug|x64.ActiveCfg = Debug|Any CPU
		{96ED4CB8-02D1-492D-B41F-213F6F8CF6D0}.Debug|x64.Build.0 = Debug|Any CPU
		{96ED4CB8-02D1-492D-B41F-213F6F8CF6D0}.Debug|x86.ActiveCfg = Debug|Any CPU
		{96ED4CB8-02D1-492D-B41F-213F6F8CF6D0}.Debug|x86.Build.0 = Debug|Any CPU
		{96ED4CB8-02D1-492D-B41F-213F6F8CF6D0}.Release|Any CPU.ActiveCfg = Release|Any CPU
		{96ED4CB8-02D1-492D-B41F-213F6F8CF6D0}.Release|Any CPU.Build.0 = Release|Any CPU
		{96ED4CB8-02D1-492D-B41F-213F6F8CF6D0}.Release|x64.ActiveCfg = Release|Any CPU
		{96ED4CB8-02D1-492D-B41F-213F6F8CF6D0}.Release|x64.Build.0 = Release|Any CPU
		{96ED4CB8-02D1-492D-B41F-213F6F8CF6D0}.Release|x86.ActiveCfg = Release|Any CPU
		{96ED4CB8-02D1-492D-B41F-213F6F8CF6D0}.Release|x86.Build.0 = Release|Any CPU
	EndGlobalSection
EndGlobal
